
Microsoft Visual Studio Solution File, Format Version 12.00
# Visual Studio Version 17
VisualStudioVersion = 17.8.34322.80
MinimumVisualStudioVersion = 10.0.40219.1
Project("{9A19103F-16F7-4668-BE54-9A1E7A4F7556}") = "SerrvicioApiCurso", "SerrvicioApiCurso\SerrvicioApiCurso.csproj", "{F4A67573-C9D5-4559-8D42-89AA5963B20B}"
EndProject
Project("{9A19103F-16F7-4668-BE54-9A1E7A4F7556}") = "LibraryProject", "LibraryProject\LibraryProject.csproj", "{BC2EEE64-5409-416E-A86C-A312758AA65C}"
EndProject
Global
	GlobalSection(SolutionConfigurationPlatforms) = preSolution
		Debug|Any CPU = Debug|Any CPU
		Release|Any CPU = Release|Any CPU
	EndGlobalSection
	GlobalSection(ProjectConfigurationPlatforms) = postSolution
		{F4A67573-C9D5-4559-8D42-89AA5963B20B}.Debug|Any CPU.ActiveCfg = Debug|Any CPU
		{F4A67573-C9D5-4559-8D42-89AA5963B20B}.Debug|Any CPU.Build.0 = Debug|Any CPU
		{F4A67573-C9D5-4559-8D42-89AA5963B20B}.Release|Any CPU.ActiveCfg = Release|Any CPU
		{F4A67573-C9D5-4559-8D42-89AA5963B20B}.Release|Any CPU.Build.0 = Release|Any CPU
		{BC2EEE64-5409-416E-A86C-A312758AA65C}.Debug|Any CPU.ActiveCfg = Debug|Any CPU
		{BC2EEE64-5409-416E-A86C-A312758AA65C}.Debug|Any CPU.Build.0 = Debug|Any CPU
		{BC2EEE64-5409-416E-A86C-A312758AA65C}.Release|Any CPU.ActiveCfg = Release|Any CPU
		{BC2EEE64-5409-416E-A86C-A312758AA65C}.Release|Any CPU.Build.0 = Release|Any CPU
	EndGlobalSection
	GlobalSection(SolutionProperties) = preSolution
		HideSolutionNode = FALSE
	EndGlobalSection
	GlobalSection(ExtensibilityGlobals) = postSolution
		SolutionGuid = {4925D668-753C-450E-809F-2D70148CF1A5}
	EndGlobalSection
EndGlobal
